
Microsoft Visual Studio Solution File, Format Version 12.00
# Visual Studio Version 17
VisualStudioVersion = 17.14.36127.28 d17.14
MinimumVisualStudioVersion = 10.0.40219.1
Project("{FAE04EC0-301F-11D3-BF4B-00C04F79EFBC}") = "hconsole", "hconsole\hconsole.csproj", "{146206BD-B02F-4610-8089-CEDFB8685763}"
EndProject
Global
	GlobalSection(SolutionConfigurationPlatforms) = preSolution
		Debug|Any CPU = Debug|Any CPU
		Release|Any CPU = Release|Any CPU
	EndGlobalSection
	GlobalSection(ProjectConfigurationPlatforms) = postSolution
		{146206BD-B02F-4610-8089-CEDFB8685763}.Debug|Any CPU.ActiveCfg = Debug|Any CPU
		{146206BD-B02F-4610-8089-CEDFB8685763}.Debug|Any CPU.Build.0 = Debug|Any CPU
		{146206BD-B02F-4610-8089-CEDFB8685763}.Release|Any CPU.ActiveCfg = Release|Any CPU
		{146206BD-B02F-4610-8089-CEDFB8685763}.Release|Any CPU.Build.0 = Release|Any CPU
	EndGlobalSection
	GlobalSection(SolutionProperties) = preSolution
		HideSolutionNode = FALSE
	EndGlobalSection
	GlobalSection(ExtensibilityGlobals) = postSolution
		SolutionGuid = {542D35FB-158E-46F7-9BE8-03ABEBCF10CC}
	EndGlobalSection
EndGlobal
